
Microsoft Visual Studio Solution File, Format Version 12.00
# Visual Studio Version 16
VisualStudioVersion = 16.0.31727.386
MinimumVisualStudioVersion = 10.0.40219.1
Project("{FAE04EC0-301F-11D3-BF4B-00C04F79EFBC}") = "Project_SV", "Project_SV\Project_SV.csproj", "{E381F3F9-F2A6-4405-8436-AD0630B89A21}"
EndProject
Project("{54435603-DBB4-11D2-8724-00A0C9A8B90C}") = "Setup_demo", "Setup_demo\Setup_demo.vdproj", "{F7C46DD3-18B1-4B42-9E7D-A98FEF7037C3}"
EndProject
Global
	GlobalSection(SolutionConfigurationPlatforms) = preSolution
		Debug|Any CPU = Debug|Any CPU
		Release|Any CPU = Release|Any CPU
	EndGlobalSection
	GlobalSection(ProjectConfigurationPlatforms) = postSolution
		{E381F3F9-F2A6-4405-8436-AD0630B89A21}.Debug|Any CPU.ActiveCfg = Debug|Any CPU
		{E381F3F9-F2A6-4405-8436-AD0630B89A21}.Debug|Any CPU.Build.0 = Debug|Any CPU
		{E381F3F9-F2A6-4405-8436-AD0630B89A21}.Release|Any CPU.ActiveCfg = Release|Any CPU
		{E381F3F9-F2A6-4405-8436-AD0630B89A21}.Release|Any CPU.Build.0 = Release|Any CPU
		{F7C46DD3-18B1-4B42-9E7D-A98FEF7037C3}.Debug|Any CPU.ActiveCfg = Debug
		{F7C46DD3-18B1-4B42-9E7D-A98FEF7037C3}.Release|Any CPU.ActiveCfg = Release
	EndGlobalSection
	GlobalSection(SolutionProperties) = preSolution
		HideSolutionNode = FALSE
	EndGlobalSection
	GlobalSection(ExtensibilityGlobals) = postSolution
		SolutionGuid = {48E1B0CD-E199-4564-8EF7-11EE715202B0}
	EndGlobalSection
EndGlobal
